
Microsoft Visual Studio Solution File, Format Version 12.00
# Visual Studio Version 17
VisualStudioVersion = 17.4.33205.214
MinimumVisualStudioVersion = 10.0.40219.1
Project("{FAE04EC0-301F-11D3-BF4B-00C04F79EFBC}") = "ProductivityServices.WPF", "ProductivityServices.WPF\ProductivityServices.WPF.csproj", "{529D0DF0-D7D0-4936-996B-7CF4A1E5C020}"
EndProject
Global
	GlobalSection(SolutionConfigurationPlatforms) = preSolution
		Debug|Any CPU = Debug|Any CPU
		Release|Any CPU = Release|Any CPU
	EndGlobalSection
	GlobalSection(ProjectConfigurationPlatforms) = postSolution
		{529D0DF0-D7D0-4936-996B-7CF4A1E5C020}.Debug|Any CPU.ActiveCfg = Debug|Any CPU
		{529D0DF0-D7D0-4936-996B-7CF4A1E5C020}.Debug|Any CPU.Build.0 = Debug|Any CPU
		{529D0DF0-D7D0-4936-996B-7CF4A1E5C020}.Release|Any CPU.ActiveCfg = Release|Any CPU
		{529D0DF0-D7D0-4936-996B-7CF4A1E5C020}.Release|Any CPU.Build.0 = Release|Any CPU
	EndGlobalSection
	GlobalSection(SolutionProperties) = preSolution
		HideSolutionNode = FALSE
	EndGlobalSection
	GlobalSection(ExtensibilityGlobals) = postSolution
		SolutionGuid = {B74CDA29-8330-4541-AEF7-30AC8F5CD289}
	EndGlobalSection
EndGlobal
